
Microsoft Visual Studio Solution File, Format Version 12.00
# Visual Studio Version 16
VisualStudioVersion = 16.0.30907.101
MinimumVisualStudioVersion = 10.0.40219.1
Project("{FAE04EC0-301F-11D3-BF4B-00C04F79EFBC}") = "Fuvar", "Fuvar\Fuvar.csproj", "{B6ACB76B-B752-42EA-917F-B28580F3DBB9}"
EndProject
Global
	GlobalSection(SolutionConfigurationPlatforms) = preSolution
		Debug|Any CPU = Debug|Any CPU
		Release|Any CPU = Release|Any CPU
	EndGlobalSection
	GlobalSection(ProjectConfigurationPlatforms) = postSolution
		{B6ACB76B-B752-42EA-917F-B28580F3DBB9}.Debug|Any CPU.ActiveCfg = Debug|Any CPU
		{B6ACB76B-B752-42EA-917F-B28580F3DBB9}.Debug|Any CPU.Build.0 = Debug|Any CPU
		{B6ACB76B-B752-42EA-917F-B28580F3DBB9}.Release|Any CPU.ActiveCfg = Release|Any CPU
		{B6ACB76B-B752-42EA-917F-B28580F3DBB9}.Release|Any CPU.Build.0 = Release|Any CPU
	EndGlobalSection
	GlobalSection(SolutionProperties) = preSolution
		HideSolutionNode = FALSE
	EndGlobalSection
	GlobalSection(ExtensibilityGlobals) = postSolution
		SolutionGuid = {FCFF9FDE-7E1F-4ED9-A834-66599BB805EF}
	EndGlobalSection
EndGlobal
